
Microsoft Visual Studio Solution File, Format Version 12.00
# Visual Studio Version 17
VisualStudioVersion = 17.2.32519.379
MinimumVisualStudioVersion = 10.0.40219.1
Project("{FAE04EC0-301F-11D3-BF4B-00C04F79EFBC}") = "stickycardsv2", "stickycardsv2.csproj", "{F641BCA3-B34F-45F2-B63F-E4BFDA645899}"
EndProject
Global
	GlobalSection(SolutionConfigurationPlatforms) = preSolution
		Debug|Any CPU = Debug|Any CPU
		Release|Any CPU = Release|Any CPU
	EndGlobalSection
	GlobalSection(ProjectConfigurationPlatforms) = postSolution
		{F641BCA3-B34F-45F2-B63F-E4BFDA645899}.Debug|Any CPU.ActiveCfg = Debug|Any CPU
		{F641BCA3-B34F-45F2-B63F-E4BFDA645899}.Debug|Any CPU.Build.0 = Debug|Any CPU
		{F641BCA3-B34F-45F2-B63F-E4BFDA645899}.Release|Any CPU.ActiveCfg = Release|Any CPU
		{F641BCA3-B34F-45F2-B63F-E4BFDA645899}.Release|Any CPU.Build.0 = Release|Any CPU
	EndGlobalSection
	GlobalSection(SolutionProperties) = preSolution
		HideSolutionNode = FALSE
	EndGlobalSection
	GlobalSection(ExtensibilityGlobals) = postSolution
		SolutionGuid = {154D5C7A-47E3-4D16-883C-D58F793F6C01}
	EndGlobalSection
EndGlobal
